
Microsoft Visual Studio Solution File, Format Version 12.00
# Visual Studio Version 16
VisualStudioVersion = 16.0.30611.23
MinimumVisualStudioVersion = 10.0.40219.1
Project("{8BC9CEB8-8B4A-11D0-8D11-00A0C91BC942}") = "GameEngineApp", "GameEngineApp\GameEngineApp.vcxproj", "{44A1FD9B-0633-4CDF-A32F-CA33925DF94F}"
	ProjectSection(ProjectDependencies) = postProject
		{0E1D650E-9477-415B-9095-0EB80FF29DCD} = {0E1D650E-9477-415B-9095-0EB80FF29DCD}
		{BC8FDDB7-EC5C-4921-87E2-0262905E5B8F} = {BC8FDDB7-EC5C-4921-87E2-0262905E5B8F}
		{3B7494BF-81B5-46E3-9592-95A661892D92} = {3B7494BF-81B5-46E3-9592-95A661892D92}
		{A2EE8DCE-EA72-4F00-AC80-B7CE8DBB4FFC} = {A2EE8DCE-EA72-4F00-AC80-B7CE8DBB4FFC}
	EndProjectSection
EndProject
Project("{8BC9CEB8-8B4A-11D0-8D11-00A0C91BC942}") = "GameEngineBase", "GameEngineBase\GameEngineBase.vcxproj", "{BC8FDDB7-EC5C-4921-87E2-0262905E5B8F}"
EndProject
Project("{8BC9CEB8-8B4A-11D0-8D11-00A0C91BC942}") = "GameEngineObject", "GameEngineObject\GameEngineObject.vcxproj", "{A2EE8DCE-EA72-4F00-AC80-B7CE8DBB4FFC}"
EndProject
Project("{2150E333-8FDC-42A3-9474-1A3956D46DE8}") = "Doc", "Doc", "{3A867B0E-DCC2-430E-A8FD-625B6F48BE56}"
EndProject
Project("{2150E333-8FDC-42A3-9474-1A3956D46DE8}") = "Base", "Base", "{BE49C44B-EBD3-4A5B-AEC5-923A902711A2}"
EndProject
Project("{2150E333-8FDC-42A3-9474-1A3956D46DE8}") = "App", "App", "{A740C405-278C-497A-B493-B4FD0D30A68B}"
EndProject
Project("{2150E333-8FDC-42A3-9474-1A3956D46DE8}") = "Mid", "Mid", "{707BCA4B-0C19-4024-BAFD-ED41606B2B8F}"
EndProject
Project("{2150E333-8FDC-42A3-9474-1A3956D46DE8}") = "Solution Items", "Solution Items", "{236E5509-DF7F-4FAF-AA49-DF21F99E9821}"
	ProjectSection(SolutionItems) = preProject
		프레임워크 파악방법.txt = 프레임워크 파악방법.txt
	EndProjectSection
EndProject
Project("{8BC9CEB8-8B4A-11D0-8D11-00A0C91BC942}") = "GameEngineNet", "GameEngineNet\GameEngineNet.vcxproj", "{0E1D650E-9477-415B-9095-0EB80FF29DCD}"
EndProject
Project("{2150E333-8FDC-42A3-9474-1A3956D46DE8}") = "Content", "Content", "{190EFDA8-B0FC-4139-A197-0809113C7D45}"
EndProject
Project("{8BC9CEB8-8B4A-11D0-8D11-00A0C91BC942}") = "GameEngineClient", "GameEngineClient\GameEngineClient.vcxproj", "{1EC9B6A2-AC47-4C48-AFF7-BA707608CE5C}"
EndProject
Project("{8BC9CEB8-8B4A-11D0-8D11-00A0C91BC942}") = "LogicContent", "LogicContent\LogicContent.vcxproj", "{3B7494BF-81B5-46E3-9592-95A661892D92}"
EndProject
Global
	GlobalSection(SolutionConfigurationPlatforms) = preSolution
		Debug|x64 = Debug|x64
		Debug|x86 = Debug|x86
		Release|x64 = Release|x64
		Release|x86 = Release|x86
	EndGlobalSection
	GlobalSection(ProjectConfigurationPlatforms) = postSolution
		{44A1FD9B-0633-4CDF-A32F-CA33925DF94F}.Debug|x64.ActiveCfg = Debug|x64
		{44A1FD9B-0633-4CDF-A32F-CA33925DF94F}.Debug|x64.Build.0 = Debug|x64
		{44A1FD9B-0633-4CDF-A32F-CA33925DF94F}.Debug|x86.ActiveCfg = Debug|Win32
		{44A1FD9B-0633-4CDF-A32F-CA33925DF94F}.Debug|x86.Build.0 = Debug|Win32
		{44A1FD9B-0633-4CDF-A32F-CA33925DF94F}.Release|x64.ActiveCfg = Release|x64
		{44A1FD9B-0633-4CDF-A32F-CA33925DF94F}.Release|x64.Build.0 = Release|x64
		{44A1FD9B-0633-4CDF-A32F-CA33925DF94F}.Release|x86.ActiveCfg = Release|Win32
		{44A1FD9B-0633-4CDF-A32F-CA33925DF94F}.Release|x86.Build.0 = Release|Win32
		{BC8FDDB7-EC5C-4921-87E2-0262905E5B8F}.Debug|x64.ActiveCfg = Debug|x64
		{BC8FDDB7-EC5C-4921-87E2-0262905E5B8F}.Debug|x64.Build.0 = Debug|x64
		{BC8FDDB7-EC5C-4921-87E2-0262905E5B8F}.Debug|x86.ActiveCfg = Debug|Win32
		{BC8FDDB7-EC5C-4921-87E2-0262905E5B8F}.Debug|x86.Build.0 = Debug|Win32
		{BC8FDDB7-EC5C-4921-87E2-0262905E5B8F}.Release|x64.ActiveCfg = Release|x64
		{BC8FDDB7-EC5C-4921-87E2-0262905E5B8F}.Release|x64.Build.0 = Release|x64
		{BC8FDDB7-EC5C-4921-87E2-0262905E5B8F}.Release|x86.ActiveCfg = Release|Win32
		{BC8FDDB7-EC5C-4921-87E2-0262905E5B8F}.Release|x86.Build.0 = Release|Win32
		{A2EE8DCE-EA72-4F00-AC80-B7CE8DBB4FFC}.Debug|x64.ActiveCfg = Debug|x64
		{A2EE8DCE-EA72-4F00-AC80-B7CE8DBB4FFC}.Debug|x64.Build.0 = Debug|x64
		{A2EE8DCE-EA72-4F00-AC80-B7CE8DBB4FFC}.Debug|x86.ActiveCfg = Debug|Win32
		{A2EE8DCE-EA72-4F00-AC80-B7CE8DBB4FFC}.Debug|x86.Build.0 = Debug|Win32
		{A2EE8DCE-EA72-4F00-AC80-B7CE8DBB4FFC}.Release|x64.ActiveCfg = Release|x64
		{A2EE8DCE-EA72-4F00-AC80-B7CE8DBB4FFC}.Release|x64.Build.0 = Release|x64
		{A2EE8DCE-EA72-4F00-AC80-B7CE8DBB4FFC}.Release|x86.ActiveCfg = Release|Win32
		{A2EE8DCE-EA72-4F00-AC80-B7CE8DBB4FFC}.Release|x86.Build.0 = Release|Win32
		{0E1D650E-9477-415B-9095-0EB80FF29DCD}.Debug|x64.ActiveCfg = Debug|x64
		{0E1D650E-9477-415B-9095-0EB80FF29DCD}.Debug|x64.Build.0 = Debug|x64
		{0E1D650E-9477-415B-9095-0EB80FF29DCD}.Debug|x86.ActiveCfg = Debug|Win32
		{0E1D650E-9477-415B-9095-0EB80FF29DCD}.Debug|x86.Build.0 = Debug|Win32
		{0E1D650E-9477-415B-9095-0EB80FF29DCD}.Release|x64.ActiveCfg = Release|x64
		{0E1D650E-9477-415B-9095-0EB80FF29DCD}.Release|x64.Build.0 = Release|x64
		{0E1D650E-9477-415B-9095-0EB80FF29DCD}.Release|x86.ActiveCfg = Release|Win32
		{0E1D650E-9477-415B-9095-0EB80FF29DCD}.Release|x86.Build.0 = Release|Win32
		{1EC9B6A2-AC47-4C48-AFF7-BA707608CE5C}.Debug|x64.ActiveCfg = Debug|x64
		{1EC9B6A2-AC47-4C48-AFF7-BA707608CE5C}.Debug|x64.Build.0 = Debug|x64
		{1EC9B6A2-AC47-4C48-AFF7-BA707608CE5C}.Debug|x86.ActiveCfg = Debug|Win32
		{1EC9B6A2-AC47-4C48-AFF7-BA707608CE5C}.Debug|x86.Build.0 = Debug|Win32
		{1EC9B6A2-AC47-4C48-AFF7-BA707608CE5C}.Release|x64.ActiveCfg = Release|x64
		{1EC9B6A2-AC47-4C48-AFF7-BA707608CE5C}.Release|x64.Build.0 = Release|x64
		{1EC9B6A2-AC47-4C48-AFF7-BA707608CE5C}.Release|x86.ActiveCfg = Release|Win32
		{1EC9B6A2-AC47-4C48-AFF7-BA707608CE5C}.Release|x86.Build.0 = Release|Win32
		{3B7494BF-81B5-46E3-9592-95A661892D92}.Debug|x64.ActiveCfg = Debug|x64
		{3B7494BF-81B5-46E3-9592-95A661892D92}.Debug|x64.Build.0 = Debug|x64
		{3B7494BF-81B5-46E3-9592-95A661892D92}.Debug|x86.ActiveCfg = Debug|Win32
		{3B7494BF-81B5-46E3-9592-95A661892D92}.Debug|x86.Build.0 = Debug|Win32
		{3B7494BF-81B5-46E3-9592-95A661892D92}.Release|x64.ActiveCfg = Release|x64
		{3B7494BF-81B5-46E3-9592-95A661892D92}.Release|x64.Build.0 = Release|x64
		{3B7494BF-81B5-46E3-9592-95A661892D92}.Release|x86.ActiveCfg = Release|Win32
		{3B7494BF-81B5-46E3-9592-95A661892D92}.Release|x86.Build.0 = Release|Win32
	EndGlobalSection
	GlobalSection(SolutionProperties) = preSolution
		HideSolutionNode = FALSE
	EndGlobalSection
	GlobalSection(NestedProjects) = preSolution
		{44A1FD9B-0633-4CDF-A32F-CA33925DF94F} = {A740C405-278C-497A-B493-B4FD0D30A68B}
		{BC8FDDB7-EC5C-4921-87E2-0262905E5B8F} = {BE49C44B-EBD3-4A5B-AEC5-923A902711A2}
		{A2EE8DCE-EA72-4F00-AC80-B7CE8DBB4FFC} = {707BCA4B-0C19-4024-BAFD-ED41606B2B8F}
		{0E1D650E-9477-415B-9095-0EB80FF29DCD} = {707BCA4B-0C19-4024-BAFD-ED41606B2B8F}
		{1EC9B6A2-AC47-4C48-AFF7-BA707608CE5C} = {190EFDA8-B0FC-4139-A197-0809113C7D45}
		{3B7494BF-81B5-46E3-9592-95A661892D92} = {190EFDA8-B0FC-4139-A197-0809113C7D45}
	EndGlobalSection
	GlobalSection(ExtensibilityGlobals) = postSolution
		SolutionGuid = {C63B410E-CF38-46A2-B8BA-383148D61D51}
	EndGlobalSection
EndGlobal
